// !$*UTF8*$!
{
	archiveVersion = 1;
	classes = {
	};
	objectVersion = 50;
	objects = {

/* Begin PBXBuildFile section */
		48112F3D225BA47D0056F5C2 /* SelectGameViewController.swift in Sources */ = {isa = PBXBuildFile; fileRef = 48112F3C225BA47D0056F5C2 /* SelectGameViewController.swift */; };
		48162F1B22582BE000D5954C /* SignUpViewController.swift in Sources */ = {isa = PBXBuildFile; fileRef = 48162F1A22582BE000D5954C /* SignUpViewController.swift */; };
		48162F1D22583E3E00D5954C /* GoogleService-Info.plist in Resources */ = {isa = PBXBuildFile; fileRef = 48162F1C22583E3E00D5954C /* GoogleService-Info.plist */; };
		48C4F96722610E4E006CCCA1 /* MGAMEViewController.swift in Sources */ = {isa = PBXBuildFile; fileRef = 48C4F96622610E4E006CCCA1 /* MGAMEViewController.swift */; };
		48EC900F22600021000D2664 /* MultiPlayerViewController.swift in Sources */ = {isa = PBXBuildFile; fileRef = 48EC900E22600021000D2664 /* MultiPlayerViewController.swift */; };
		9B07530D225648700098A854 /* AppDelegate.swift in Sources */ = {isa = PBXBuildFile; fileRef = 9B07530C225648700098A854 /* AppDelegate.swift */; };
		9B07530F225648700098A854 /* ViewController.swift in Sources */ = {isa = PBXBuildFile; fileRef = 9B07530E225648700098A854 /* ViewController.swift */; };
		9B075312225648700098A854 /* Main.storyboard in Resources */ = {isa = PBXBuildFile; fileRef = 9B075310225648700098A854 /* Main.storyboard */; };
		9B075314225648720098A854 /* Assets.xcassets in Resources */ = {isa = PBXBuildFile; fileRef = 9B075313225648720098A854 /* Assets.xcassets */; };
		9B075317225648720098A854 /* LaunchScreen.storyboard in Resources */ = {isa = PBXBuildFile; fileRef = 9B075315225648720098A854 /* LaunchScreen.storyboard */; };
		9BCC4184225E344500FC6566 /* SinglePlayerViewController.swift in Sources */ = {isa = PBXBuildFile; fileRef = 9BCC4183225E344500FC6566 /* SinglePlayerViewController.swift */; };
		9BDAE35A225E4533004E15DF /* face_normal.jpg in Resources */ = {isa = PBXBuildFile; fileRef = 9BDAE354225E4531004E15DF /* face_normal.jpg */; };
		9BDAE35B225E4533004E15DF /* face_smile.jpg in Resources */ = {isa = PBXBuildFile; fileRef = 9BDAE355225E4532004E15DF /* face_smile.jpg */; };
		9BDAE35C225E4533004E15DF /* face_EClose.jpg in Resources */ = {isa = PBXBuildFile; fileRef = 9BDAE356225E4532004E15DF /* face_EClose.jpg */; };
		9BDAE35D225E4533004E15DF /* face_LEClose.jpg in Resources */ = {isa = PBXBuildFile; fileRef = 9BDAE357225E4532004E15DF /* face_LEClose.jpg */; };
		9BDAE35E225E4533004E15DF /* face_REClose.jpg in Resources */ = {isa = PBXBuildFile; fileRef = 9BDAE358225E4533004E15DF /* face_REClose.jpg */; };
		EA3B48FD7E2ADDAF875D058E /* Pods_EmojiGame.framework in Frameworks */ = {isa = PBXBuildFile; fileRef = 8B4FE25C379CACA75A00FC16 /* Pods_EmojiGame.framework */; };
/* End PBXBuildFile section */

/* Begin PBXFileReference section */
		48112F3C225BA47D0056F5C2 /* SelectGameViewController.swift */ = {isa = PBXFileReference; lastKnownFileType = sourcecode.swift; path = SelectGameViewController.swift; sourceTree = "<group>"; };
		48162F1A22582BE000D5954C /* SignUpViewController.swift */ = {isa = PBXFileReference; lastKnownFileType = sourcecode.swift; path = SignUpViewController.swift; sourceTree = "<group>"; };
		48162F1C22583E3E00D5954C /* GoogleService-Info.plist */ = {isa = PBXFileReference; fileEncoding = 4; lastKnownFileType = text.plist.xml; path = "GoogleService-Info.plist"; sourceTree = "<group>"; };
		48C4F96622610E4E006CCCA1 /* MGAMEViewController.swift */ = {isa = PBXFileReference; lastKnownFileType = sourcecode.swift; path = MGAMEViewController.swift; sourceTree = "<group>"; };
		48EC900E22600021000D2664 /* MultiPlayerViewController.swift */ = {isa = PBXFileReference; lastKnownFileType = sourcecode.swift; path = MultiPlayerViewController.swift; sourceTree = "<group>"; };
		8B4FE25C379CACA75A00FC16 /* Pods_EmojiGame.framework */ = {isa = PBXFileReference; explicitFileType = wrapper.framework; includeInIndex = 0; path = Pods_EmojiGame.framework; sourceTree = BUILT_PRODUCTS_DIR; };
		9B075309225648700098A854 /* EmojiGame.app */ = {isa = PBXFileReference; explicitFileType = wrapper.application; includeInIndex = 0; path = EmojiGame.app; sourceTree = BUILT_PRODUCTS_DIR; };
		9B07530C225648700098A854 /* AppDelegate.swift */ = {isa = PBXFileReference; lastKnownFileType = sourcecode.swift; path = AppDelegate.swift; sourceTree = "<group>"; };
		9B07530E225648700098A854 /* ViewController.swift */ = {isa = PBXFileReference; lastKnownFileType = sourcecode.swift; path = ViewController.swift; sourceTree = "<group>"; };
		9B075311225648700098A854 /* Base */ = {isa = PBXFileReference; lastKnownFileType = file.storyboard; name = Base; path = Base.lproj/Main.storyboard; sourceTree = "<group>"; };
		9B075313225648720098A854 /* Assets.xcassets */ = {isa = PBXFileReference; lastKnownFileType = folder.assetcatalog; path = Assets.xcassets; sourceTree = "<group>"; };
		9B075316225648720098A854 /* Base */ = {isa = PBXFileReference; lastKnownFileType = file.storyboard; name = Base; path = Base.lproj/LaunchScreen.storyboard; sourceTree = "<group>"; };
		9B075318225648720098A854 /* Info.plist */ = {isa = PBXFileReference; lastKnownFileType = text.plist.xml; path = Info.plist; sourceTree = "<group>"; };
		9BCC4183225E344500FC6566 /* SinglePlayerViewController.swift */ = {isa = PBXFileReference; lastKnownFileType = sourcecode.swift; path = SinglePlayerViewController.swift; sourceTree = "<group>"; };
		9BDAE354225E4531004E15DF /* face_normal.jpg */ = {isa = PBXFileReference; lastKnownFileType = image.jpeg; path = face_normal.jpg; sourceTree = "<group>"; };
		9BDAE355225E4532004E15DF /* face_smile.jpg */ = {isa = PBXFileReference; lastKnownFileType = image.jpeg; path = face_smile.jpg; sourceTree = "<group>"; };
		9BDAE356225E4532004E15DF /* face_EClose.jpg */ = {isa = PBXFileReference; lastKnownFileType = image.jpeg; path = face_EClose.jpg; sourceTree = "<group>"; };
		9BDAE357225E4532004E15DF /* face_LEClose.jpg */ = {isa = PBXFileReference; lastKnownFileType = image.jpeg; path = face_LEClose.jpg; sourceTree = "<group>"; };
		9BDAE358225E4533004E15DF /* face_REClose.jpg */ = {isa = PBXFileReference; lastKnownFileType = image.jpeg; path = face_REClose.jpg; sourceTree = "<group>"; };
		E0847B22077C66B093969322 /* Pods-EmojiGame.release.xcconfig */ = {isa = PBXFileReference; includeInIndex = 1; lastKnownFileType = text.xcconfig; name = "Pods-EmojiGame.release.xcconfig"; path = "Target Support Files/Pods-EmojiGame/Pods-EmojiGame.release.xcconfig"; sourceTree = "<group>"; };
		E69289A09BE53AEBED6FB1E0 /* Pods-EmojiGame.debug.xcconfig */ = {isa = PBXFileReference; includeInIndex = 1; lastKnownFileType = text.xcconfig; name = "Pods-EmojiGame.debug.xcconfig"; path = "Target Support Files/Pods-EmojiGame/Pods-EmojiGame.debug.xcconfig"; sourceTree = "<group>"; };
/* End PBXFileReference section */

/* Begin PBXFrameworksBuildPhase section */
		9B075306225648700098A854 /* Frameworks */ = {
			isa = PBXFrameworksBuildPhase;
			buildActionMask = 2147483647;
			files = (
				EA3B48FD7E2ADDAF875D058E /* Pods_EmojiGame.framework in Frameworks */,
			);
			runOnlyForDeploymentPostprocessing = 0;
		};
/* End PBXFrameworksBuildPhase section */

/* Begin PBXGroup section */
		7FAC887A89C834B764C201A6 /* Pods */ = {
			isa = PBXGroup;
			children = (
				E69289A09BE53AEBED6FB1E0 /* Pods-EmojiGame.debug.xcconfig */,
				E0847B22077C66B093969322 /* Pods-EmojiGame.release.xcconfig */,
			);
			path = Pods;
			sourceTree = "<group>";
		};
		9B075300225648700098A854 = {
			isa = PBXGroup;
			children = (
				9B07530B225648700098A854 /* EmojiGame */,
				9B07530A225648700098A854 /* Products */,
				7FAC887A89C834B764C201A6 /* Pods */,
				A651B8B3E9E25F4080D0CAC9 /* Frameworks */,
			);
			sourceTree = "<group>";
		};
		9B07530A225648700098A854 /* Products */ = {
			isa = PBXGroup;
			children = (
				9B075309225648700098A854 /* EmojiGame.app */,
			);
			name = Products;
			sourceTree = "<group>";
		};
		9B07530B225648700098A854 /* EmojiGame */ = {
			isa = PBXGroup;
			children = (
				9BDAE352225E451C004E15DF /* photos */,
				9B07530C225648700098A854 /* AppDelegate.swift */,
				9B07530E225648700098A854 /* ViewController.swift */,
				48162F1A22582BE000D5954C /* SignUpViewController.swift */,
				48112F3C225BA47D0056F5C2 /* SelectGameViewController.swift */,
				9BCC4183225E344500FC6566 /* SinglePlayerViewController.swift */,
				48EC900E22600021000D2664 /* MultiPlayerViewController.swift */,
				48C4F96622610E4E006CCCA1 /* MGAMEViewController.swift */,
				9B075310225648700098A854 /* Main.storyboard */,
				9B075313225648720098A854 /* Assets.xcassets */,
				9B075315225648720098A854 /* LaunchScreen.storyboard */,
				9B075318225648720098A854 /* Info.plist */,
				48162F1C22583E3E00D5954C /* GoogleService-Info.plist */,
			);
			path = EmojiGame;
			sourceTree = "<group>";
		};
		9BDAE352225E451C004E15DF /* photos */ = {
			isa = PBXGroup;
			children = (
				9BDAE354225E4531004E15DF /* face_normal.jpg */,
				9BDAE358225E4533004E15DF /* face_REClose.jpg */,
				9BDAE357225E4532004E15DF /* face_LEClose.jpg */,
				9BDAE355225E4532004E15DF /* face_smile.jpg */,
				9BDAE356225E4532004E15DF /* face_EClose.jpg */,
			);
			path = photos;
			sourceTree = "<group>";
		};
		A651B8B3E9E25F4080D0CAC9 /* Frameworks */ = {
			isa = PBXGroup;
			children = (
				8B4FE25C379CACA75A00FC16 /* Pods_EmojiGame.framework */,
			);
			name = Frameworks;
			sourceTree = "<group>";
		};
/* End PBXGroup section */

/* Begin PBXNativeTarget section */
		9B075308225648700098A854 /* EmojiGame */ = {
			isa = PBXNativeTarget;
			buildConfigurationList = 9B07531B225648720098A854 /* Build configuration list for PBXNativeTarget "EmojiGame" */;
			buildPhases = (
				5B7A5BB38EDCECDFCE1FC89E /* [CP] Check Pods Manifest.lock */,
				9B075305225648700098A854 /* Sources */,
				9B075306225648700098A854 /* Frameworks */,
				9B075307225648700098A854 /* Resources */,
				EC78AD8EAEFA0B8AFB9A58E3 /* [CP] Embed Pods Frameworks */,
				32C78F03578048D02B5803EE /* [CP] Copy Pods Resources */,
			);
			buildRules = (
			);
			dependencies = (
			);
			name = EmojiGame;
			productName = EmojiGame;
			productReference = 9B075309225648700098A854 /* EmojiGame.app */;
			productType = "com.apple.product-type.application";
		};
/* End PBXNativeTarget section */

/* Begin PBXProject section */
		9B075301225648700098A854 /* Project object */ = {
			isa = PBXProject;
			attributes = {
				LastSwiftUpdateCheck = 1010;
				LastUpgradeCheck = 1010;
				ORGANIZATIONNAME = MacStudent;
				TargetAttributes = {
					9B075308225648700098A854 = {
						CreatedOnToolsVersion = 10.1;
					};
				};
			};
			buildConfigurationList = 9B075304225648700098A854 /* Build configuration list for PBXProject "EmojiGame" */;
			compatibilityVersion = "Xcode 9.3";
			developmentRegion = en;
			hasScannedForEncodings = 0;
			knownRegions = (
				en,
				Base,
			);
			mainGroup = 9B075300225648700098A854;
			productRefGroup = 9B07530A225648700098A854 /* Products */;
			projectDirPath = "";
			projectRoot = "";
			targets = (
				9B075308225648700098A854 /* EmojiGame */,
			);
		};
/* End PBXProject section */

/* Begin PBXResourcesBuildPhase section */
		9B075307225648700098A854 /* Resources */ = {
			isa = PBXResourcesBuildPhase;
			buildActionMask = 2147483647;
			files = (
				9BDAE35E225E4533004E15DF /* face_REClose.jpg in Resources */,
				9BDAE35D225E4533004E15DF /* face_LEClose.jpg in Resources */,
				9BDAE35A225E4533004E15DF /* face_normal.jpg in Resources */,
				9BDAE35B225E4533004E15DF /* face_smile.jpg in Resources */,
				9B075317225648720098A854 /* LaunchScreen.storyboard in Resources */,
				48162F1D22583E3E00D5954C /* GoogleService-Info.plist in Resources */,
				9B075314225648720098A854 /* Assets.xcassets in Resources */,
				9B075312225648700098A854 /* Main.storyboard in Resources */,
				9BDAE35C225E4533004E15DF /* face_EClose.jpg in Resources */,
			);
			runOnlyForDeploymentPostprocessing = 0;
		};
/* End PBXResourcesBuildPhase section */

/* Begin PBXShellScriptBuildPhase section */
		32C78F03578048D02B5803EE /* [CP] Copy Pods Resources */ = {
			isa = PBXShellScriptBuildPhase;
			buildActionMask = 2147483647;
			files = (
			);
			inputFileListPaths = (
			);
			inputPaths = (
				"${PODS_ROOT}/Target Support Files/Pods-EmojiGame/Pods-EmojiGame-resources.sh",
				"${PODS_CONFIGURATION_BUILD_DIR}/GoogleMobileVision/GoogleMVFaceDetectorResources.bundle",
			);
			name = "[CP] Copy Pods Resources";
			outputFileListPaths = (
			);
			outputPaths = (
				"${TARGET_BUILD_DIR}/${UNLOCALIZED_RESOURCES_FOLDER_PATH}/GoogleMVFaceDetectorResources.bundle",
			);
			runOnlyForDeploymentPostprocessing = 0;
			shellPath = /bin/sh;
			shellScript = "\"${PODS_ROOT}/Target Support Files/Pods-EmojiGame/Pods-EmojiGame-resources.sh\"\n";
			showEnvVarsInLog = 0;
		};
		5B7A5BB38EDCECDFCE1FC89E /* [CP] Check Pods Manifest.lock */ = {
			isa = PBXShellScriptBuildPhase;
			buildActionMask = 2147483647;
			files = (
			);
			inputFileListPaths = (
			);
			inputPaths = (
				"${PODS_PODFILE_DIR_PATH}/Podfile.lock",
				"${PODS_ROOT}/Manifest.lock",
			);
			name = "[CP] Check Pods Manifest.lock";
			outputFileListPaths = (
			);
			outputPaths = (
				"$(DERIVED_FILE_DIR)/Pods-EmojiGame-checkManifestLockResult.txt",
			);
			runOnlyForDeploymentPostprocessing = 0;
			shellPath = /bin/sh;
			shellScript = "diff \"${PODS_PODFILE_DIR_PATH}/Podfile.lock\" \"${PODS_ROOT}/Manifest.lock\" > /dev/null\nif [ $? != 0 ] ; then\n    # print error to STDERR\n    echo \"error: The sandbox is not in sync with the Podfile.lock. Run 'pod install' or update your CocoaPods installation.\" >&2\n    exit 1\nfi\n# This output is used by Xcode 'outputs' to avoid re-running this script phase.\necho \"SUCCESS\" > \"${SCRIPT_OUTPUT_FILE_0}\"\n";
			showEnvVarsInLog = 0;
		};
		EC78AD8EAEFA0B8AFB9A58E3 /* [CP] Embed Pods Frameworks */ = {
			isa = PBXShellScriptBuildPhase;
			buildActionMask = 2147483647;
			files = (
			);
			inputFileListPaths = (
			);
			inputPaths = (
				"${PODS_ROOT}/Target Support Files/Pods-EmojiGame/Pods-EmojiGame-frameworks.sh",
				"${BUILT_PRODUCTS_DIR}/GTMSessionFetcher/GTMSessionFetcher.framework",
				"${BUILT_PRODUCTS_DIR}/GoogleAPIClientForREST/GoogleAPIClientForREST.framework",
				"${BUILT_PRODUCTS_DIR}/GoogleToolboxForMac/GoogleToolboxForMac.framework",
				"${BUILT_PRODUCTS_DIR}/GoogleUtilities/GoogleUtilities.framework",
				"${BUILT_PRODUCTS_DIR}/Protobuf/Protobuf.framework",
				"${BUILT_PRODUCTS_DIR}/leveldb-library/leveldb.framework",
			);
			name = "[CP] Embed Pods Frameworks";
			outputFileListPaths = (
			);
			outputPaths = (
				"${TARGET_BUILD_DIR}/${FRAMEWORKS_FOLDER_PATH}/GTMSessionFetcher.framework",
				"${TARGET_BUILD_DIR}/${FRAMEWORKS_FOLDER_PATH}/GoogleAPIClientForREST.framework",
				"${TARGET_BUILD_DIR}/${FRAMEWORKS_FOLDER_PATH}/GoogleToolboxForMac.framework",
				"${TARGET_BUILD_DIR}/${FRAMEWORKS_FOLDER_PATH}/GoogleUtilities.framework",
				"${TARGET_BUILD_DIR}/${FRAMEWORKS_FOLDER_PATH}/Protobuf.framework",
				"${TARGET_BUILD_DIR}/${FRAMEWORKS_FOLDER_PATH}/leveldb.framework",
			);
			runOnlyForDeploymentPostprocessing = 0;
			shellPath = /bin/sh;
			shellScript = "\"${PODS_ROOT}/Target Support Files/Pods-EmojiGame/Pods-EmojiGame-frameworks.sh\"\n";
			showEnvVarsInLog = 0;
		};
/* End PBXShellScriptBuildPhase section */

/* Begin PBXSourcesBuildPhase section */
		9B075305225648700098A854 /* Sources */ = {
			isa = PBXSourcesBuildPhase;
			buildActionMask = 2147483647;
			files = (
				48162F1B22582BE000D5954C /* SignUpViewController.swift in Sources */,
				48C4F96722610E4E006CCCA1 /* MGAMEViewController.swift in Sources */,
				9B07530F225648700098A854 /* ViewController.swift in Sources */,
				48112F3D225BA47D0056F5C2 /* SelectGameViewController.swift in Sources */,
				48EC900F22600021000D2664 /* MultiPlayerViewController.swift in Sources */,
				9B07530D225648700098A854 /* AppDelegate.swift in Sources */,
				9BCC4184225E344500FC6566 /* SinglePlayerViewController.swift in Sources */,
			);
			runOnlyForDeploymentPostprocessing = 0;
		};
/* End PBXSourcesBuildPhase section */

/* Begin PBXVariantGroup section */
		9B075310225648700098A854 /* Main.storyboard */ = {
			isa = PBXVariantGroup;
			children = (
				9B075311225648700098A854 /* Base */,
			);
			name = Main.storyboard;
			sourceTree = "<group>";
		};
		9B075315225648720098A854 /* LaunchScreen.storyboard */ = {
			isa = PBXVariantGroup;
			children = (
				9B075316225648720098A854 /* Base */,
			);
			name = LaunchScreen.storyboard;
			sourceTree = "<group>";
		};
/* End PBXVariantGroup section */

/* Begin XCBuildConfiguration section */
		9B075319225648720098A854 /* Debug */ = {
			isa = XCBuildConfiguration;
			buildSettings = {
				ALWAYS_SEARCH_USER_PATHS = NO;
				CLANG_ANALYZER_NONNULL = YES;
				CLANG_ANALYZER_NUMBER_OBJECT_CONVERSION = YES_AGGRESSIVE;
				CLANG_CXX_LANGUAGE_STANDARD = "gnu++14";
				CLANG_CXX_LIBRARY = "libc++";
				CLANG_ENABLE_MODULES = YES;
				CLANG_ENABLE_OBJC_ARC = YES;
				CLANG_ENABLE_OBJC_WEAK = YES;
				CLANG_WARN_BLOCK_CAPTURE_AUTORELEASING = YES;
				CLANG_WARN_BOOL_CONVERSION = YES;
				CLANG_WARN_COMMA = YES;
				CLANG_WARN_CONSTANT_CONVERSION = YES;
				CLANG_WARN_DEPRECATED_OBJC_IMPLEMENTATIONS = YES;
				CLANG_WARN_DIRECT_OBJC_ISA_USAGE = YES_ERROR;
				CLANG_WARN_DOCUMENTATION_COMMENTS = YES;
				CLANG_WARN_EMPTY_BODY = YES;
				CLANG_WARN_ENUM_CONVERSION = YES;
				CLANG_WARN_INFINITE_RECURSION = YES;
				CLANG_WARN_INT_CONVERSION = YES;
				CLANG_WARN_NON_LITERAL_NULL_CONVERSION = YES;
				CLANG_WARN_OBJC_IMPLICIT_RETAIN_SELF = YES;
				CLANG_WARN_OBJC_LITERAL_CONVERSION = YES;
				CLANG_WARN_OBJC_ROOT_CLASS = YES_ERROR;
				CLANG_WARN_RANGE_LOOP_ANALYSIS = YES;
				CLANG_WARN_STRICT_PROTOTYPES = YES;
				CLANG_WARN_SUSPICIOUS_MOVE = YES;
				CLANG_WARN_UNGUARDED_AVAILABILITY = YES_AGGRESSIVE;
				CLANG_WARN_UNREACHABLE_CODE = YES;
				CLANG_WARN__DUPLICATE_METHOD_MATCH = YES;
				CODE_SIGN_IDENTITY = "iPhone Developer";
				COPY_PHASE_STRIP = NO;
				DEBUG_INFORMATION_FORMAT = dwarf;
				ENABLE_STRICT_OBJC_MSGSEND = YES;
				ENABLE_TESTABILITY = YES;
				GCC_C_LANGUAGE_STANDARD = gnu11;
				GCC_DYNAMIC_NO_PIC = NO;
				GCC_NO_COMMON_BLOCKS = YES;
				GCC_OPTIMIZATION_LEVEL = 0;
				GCC_PREPROCESSOR_DEFINITIONS = (
					"DEBUG=1",
					"$(inherited)",
				);
				GCC_WARN_64_TO_32_BIT_CONVERSION = YES;
				GCC_WARN_ABOUT_RETURN_TYPE = YES_ERROR;
				GCC_WARN_UNDECLARED_SELECTOR = YES;
				GCC_WARN_UNINITIALIZED_AUTOS = YES_AGGRESSIVE;
				GCC_WARN_UNUSED_FUNCTION = YES;
				GCC_WARN_UNUSED_VARIABLE = YES;
				IPHONEOS_DEPLOYMENT_TARGET = 12.1;
				MTL_ENABLE_DEBUG_INFO = INCLUDE_SOURCE;
				MTL_FAST_MATH = YES;
				ONLY_ACTIVE_ARCH = YES;
				SDKROOT = iphoneos;
				SWIFT_ACTIVE_COMPILATION_CONDITIONS = DEBUG;
				SWIFT_OPTIMIZATION_LEVEL = "-Onone";
			};
			name = Debug;
		};
		9B07531A225648720098A854 /* Release */ = {
			isa = XCBuildConfiguration;
			buildSettings = {
				ALWAYS_SEARCH_USER_PATHS = NO;
				CLANG_ANALYZER_NONNULL = YES;
				CLANG_ANALYZER_NUMBER_OBJECT_CONVERSION = YES_AGGRESSIVE;
				CLANG_CXX_LANGUAGE_STANDARD = "gnu++14";
				CLANG_CXX_LIBRARY = "libc++";
				CLANG_ENABLE_MODULES = YES;
				CLANG_ENABLE_OBJC_ARC = YES;
				CLANG_ENABLE_OBJC_WEAK = YES;
				CLANG_WARN_BLOCK_CAPTURE_AUTORELEASING = YES;
				CLANG_WARN_BOOL_CONVERSION = YES;
				CLANG_WARN_COMMA = YES;
				CLANG_WARN_CONSTANT_CONVERSION = YES;
				CLANG_WARN_DEPRECATED_OBJC_IMPLEMENTATIONS = YES;
				CLANG_WARN_DIRECT_OBJC_ISA_USAGE = YES_ERROR;
				CLANG_WARN_DOCUMENTATION_COMMENTS = YES;
				CLANG_WARN_EMPTY_BODY = YES;
				CLANG_WARN_ENUM_CONVERSION = YES;
				CLANG_WARN_INFINITE_RECURSION = YES;
				CLANG_WARN_INT_CONVERSION = YES;
				CLANG_WARN_NON_LITERAL_NULL_CONVERSION = YES;
				CLANG_WARN_OBJC_IMPLICIT_RETAIN_SELF = YES;
				CLANG_WARN_OBJC_LITERAL_CONVERSION = YES;
				CLANG_WARN_OBJC_ROOT_CLASS = YES_ERROR;
				CLANG_WARN_RANGE_LOOP_ANALYSIS = YES;
				CLANG_WARN_STRICT_PROTOTYPES = YES;
				CLANG_WARN_SUSPICIOUS_MOVE = YES;
				CLANG_WARN_UNGUARDED_AVAILABILITY = YES_AGGRESSIVE;
				CLANG_WARN_UNREACHABLE_CODE = YES;
				CLANG_WARN__DUPLICATE_METHOD_MATCH = YES;
				CODE_SIGN_IDENTITY = "iPhone Developer";
				COPY_PHASE_STRIP = NO;
				DEBUG_INFORMATION_FORMAT = "dwarf-with-dsym";
				ENABLE_NS_ASSERTIONS = NO;
				ENABLE_STRICT_OBJC_MSGSEND = YES;
				GCC_C_LANGUAGE_STANDARD = gnu11;
				GCC_NO_COMMON_BLOCKS = YES;
				GCC_WARN_64_TO_32_BIT_CONVERSION = YES;
				GCC_WARN_ABOUT_RETURN_TYPE = YES_ERROR;
				GCC_WARN_UNDECLARED_SELECTOR = YES;
				GCC_WARN_UNINITIALIZED_AUTOS = YES_AGGRESSIVE;
				GCC_WARN_UNUSED_FUNCTION = YES;
				GCC_WARN_UNUSED_VARIABLE = YES;
				IPHONEOS_DEPLOYMENT_TARGET = 12.1;
				MTL_ENABLE_DEBUG_INFO = NO;
				MTL_FAST_MATH = YES;
				SDKROOT = iphoneos;
				SWIFT_COMPILATION_MODE = wholemodule;
				SWIFT_OPTIMIZATION_LEVEL = "-O";
				VALIDATE_PRODUCT = YES;
			};
			name = Release;
		};
		9B07531C225648720098A854 /* Debug */ = {
			isa = XCBuildConfiguration;
			baseConfigurationReference = E69289A09BE53AEBED6FB1E0 /* Pods-EmojiGame.debug.xcconfig */;
			buildSettings = {
				ASSETCATALOG_COMPILER_APPICON_NAME = AppIcon;
				CODE_SIGN_STYLE = Automatic;
				DEVELOPMENT_TEAM = "";
				INFOPLIST_FILE = EmojiGame/Info.plist;
				LD_RUNPATH_SEARCH_PATHS = (
					"$(inherited)",
					"@executable_path/Frameworks",
				);
				PRODUCT_BUNDLE_IDENTIFIER = CestarCollege.EmojiGame;
				PRODUCT_NAME = "$(TARGET_NAME)";
				SWIFT_VERSION = 4.2;
				TARGETED_DEVICE_FAMILY = "1,2";
			};
			name = Debug;
		};
		9B07531D225648720098A854 /* Release */ = {
			isa = XCBuildConfiguration;
			baseConfigurationReference = E0847B22077C66B093969322 /* Pods-EmojiGame.release.xcconfig */;
			buildSettings = {
				ASSETCATALOG_COMPILER_APPICON_NAME = AppIcon;
				CODE_SIGN_STYLE = Automatic;
				DEVELOPMENT_TEAM = "";
				INFOPLIST_FILE = EmojiGame/Info.plist;
				LD_RUNPATH_SEARCH_PATHS = (
					"$(inherited)",
					"@executable_path/Frameworks",
				);
				PRODUCT_BUNDLE_IDENTIFIER = CestarCollege.EmojiGame;
				PRODUCT_NAME = "$(TARGET_NAME)";
				SWIFT_VERSION = 4.2;
				TARGETED_DEVICE_FAMILY = "1,2";
			};
			name = Release;
		};
/* End XCBuildConfiguration section */

/* Begin XCConfigurationList section */
		9B075304225648700098A854 /* Build configuration list for PBXProject "EmojiGame" */ = {
			isa = XCConfigurationList;
			buildConfigurations = (
				9B075319225648720098A854 /* Debug */,
				9B07531A225648720098A854 /* Release */,
			);
			defaultConfigurationIsVisible = 0;
			defaultConfigurationName = Release;
		};
		9B07531B225648720098A854 /* Build configuration list for PBXNativeTarget "EmojiGame" */ = {
			isa = XCConfigurationList;
			buildConfigurations = (
				9B07531C225648720098A854 /* Debug */,
				9B07531D225648720098A854 /* Release */,
			);
			defaultConfigurationIsVisible = 0;
			defaultConfigurationName = Release;
		};
/* End XCConfigurationList section */
	};
	rootObject = 9B075301225648700098A854 /* Project object */;
}
